// !$*UTF8*$!
{
	archiveVersion = 1;
	classes = {
	};
	objectVersion = 46;
	objects = {

/* Begin PBXBuildFile section */
		934C45121C194E2A00C9C756 /* XGShoppingCartCell.swift in Sources */ = {isa = PBXBuildFile; fileRef = 934C45111C194E2A00C9C756 /* XGShoppingCartCell.swift */; };
		934C45141C195D5400C9C756 /* XGShoppingCartViewController.swift in Sources */ = {isa = PBXBuildFile; fileRef = 934C45131C195D5400C9C756 /* XGShoppingCartViewController.swift */; };
		934C45161C19705B00C9C756 /* XGOldPriceLabel.swift in Sources */ = {isa = PBXBuildFile; fileRef = 934C45151C19705B00C9C756 /* XGOldPriceLabel.swift */; };
		935D0F8D1C181381004203D4 /* AppDelegate.swift in Sources */ = {isa = PBXBuildFile; fileRef = 935D0F8C1C181381004203D4 /* AppDelegate.swift */; };
		935D0F921C181381004203D4 /* Main.storyboard in Resources */ = {isa = PBXBuildFile; fileRef = 935D0F901C181381004203D4 /* Main.storyboard */; };
		935D0F941C181381004203D4 /* Assets.xcassets in Resources */ = {isa = PBXBuildFile; fileRef = 935D0F931C181381004203D4 /* Assets.xcassets */; };
		935D0F971C181381004203D4 /* LaunchScreen.storyboard in Resources */ = {isa = PBXBuildFile; fileRef = 935D0F951C181381004203D4 /* LaunchScreen.storyboard */; };
		935D0FA81C181DB5004203D4 /* XGGoodModel.swift in Sources */ = {isa = PBXBuildFile; fileRef = 935D0FA71C181DB5004203D4 /* XGGoodModel.swift */; };
		935D0FAF1C182434004203D4 /* XGGoodListViewController.swift in Sources */ = {isa = PBXBuildFile; fileRef = 935D0FAE1C182434004203D4 /* XGGoodListViewController.swift */; };
		935D0FB11C182505004203D4 /* XGGoodListCell.swift in Sources */ = {isa = PBXBuildFile; fileRef = 935D0FB01C182505004203D4 /* XGGoodListCell.swift */; };
		9C545B30755EA15DC92C3023 /* Pods_ShoppingCart.framework in Frameworks */ = {isa = PBXBuildFile; fileRef = B61A7569828BB604B1E88034 /* Pods_ShoppingCart.framework */; };
/* End PBXBuildFile section */

/* Begin PBXFileReference section */
		0666DB5ABDDC7D797BE5A875 /* Pods-ShoppingCart.debug.xcconfig */ = {isa = PBXFileReference; includeInIndex = 1; lastKnownFileType = text.xcconfig; name = "Pods-ShoppingCart.debug.xcconfig"; path = "Pods/Target Support Files/Pods-ShoppingCart/Pods-ShoppingCart.debug.xcconfig"; sourceTree = "<group>"; };
		934C45111C194E2A00C9C756 /* XGShoppingCartCell.swift */ = {isa = PBXFileReference; fileEncoding = 4; lastKnownFileType = sourcecode.swift; path = XGShoppingCartCell.swift; sourceTree = "<group>"; };
		934C45131C195D5400C9C756 /* XGShoppingCartViewController.swift */ = {isa = PBXFileReference; fileEncoding = 4; lastKnownFileType = sourcecode.swift; path = XGShoppingCartViewController.swift; sourceTree = "<group>"; };
		934C45151C19705B00C9C756 /* XGOldPriceLabel.swift */ = {isa = PBXFileReference; fileEncoding = 4; lastKnownFileType = sourcecode.swift; path = XGOldPriceLabel.swift; sourceTree = "<group>"; };
		935D0F891C181381004203D4 /* ShoppingCart.app */ = {isa = PBXFileReference; explicitFileType = wrapper.application; includeInIndex = 0; path = ShoppingCart.app; sourceTree = BUILT_PRODUCTS_DIR; };
		935D0F8C1C181381004203D4 /* AppDelegate.swift */ = {isa = PBXFileReference; lastKnownFileType = sourcecode.swift; path = AppDelegate.swift; sourceTree = "<group>"; };
		935D0F911C181381004203D4 /* Base */ = {isa = PBXFileReference; lastKnownFileType = file.storyboard; name = Base; path = Base.lproj/Main.storyboard; sourceTree = "<group>"; };
		935D0F931C181381004203D4 /* Assets.xcassets */ = {isa = PBXFileReference; lastKnownFileType = folder.assetcatalog; name = Assets.xcassets; path = ../Assets.xcassets; sourceTree = "<group>"; };
		935D0F961C181381004203D4 /* Base */ = {isa = PBXFileReference; lastKnownFileType = file.storyboard; name = Base; path = Base.lproj/LaunchScreen.storyboard; sourceTree = "<group>"; };
		935D0F981C181381004203D4 /* Info.plist */ = {isa = PBXFileReference; lastKnownFileType = text.plist.xml; path = Info.plist; sourceTree = "<group>"; };
		935D0FA71C181DB5004203D4 /* XGGoodModel.swift */ = {isa = PBXFileReference; fileEncoding = 4; lastKnownFileType = sourcecode.swift; path = XGGoodModel.swift; sourceTree = "<group>"; };
		935D0FAE1C182434004203D4 /* XGGoodListViewController.swift */ = {isa = PBXFileReference; fileEncoding = 4; lastKnownFileType = sourcecode.swift; path = XGGoodListViewController.swift; sourceTree = "<group>"; };
		935D0FB01C182505004203D4 /* XGGoodListCell.swift */ = {isa = PBXFileReference; fileEncoding = 4; lastKnownFileType = sourcecode.swift; path = XGGoodListCell.swift; sourceTree = "<group>"; };
		B61A7569828BB604B1E88034 /* Pods_ShoppingCart.framework */ = {isa = PBXFileReference; explicitFileType = wrapper.framework; includeInIndex = 0; path = Pods_ShoppingCart.framework; sourceTree = BUILT_PRODUCTS_DIR; };
		C731F656D9733328947D8D39 /* Pods-ShoppingCart.release.xcconfig */ = {isa = PBXFileReference; includeInIndex = 1; lastKnownFileType = text.xcconfig; name = "Pods-ShoppingCart.release.xcconfig"; path = "Pods/Target Support Files/Pods-ShoppingCart/Pods-ShoppingCart.release.xcconfig"; sourceTree = "<group>"; };
/* End PBXFileReference section */

/* Begin PBXFrameworksBuildPhase section */
		935D0F861C181381004203D4 /* Frameworks */ = {
			isa = PBXFrameworksBuildPhase;
			buildActionMask = 2147483647;
			files = (
				9C545B30755EA15DC92C3023 /* Pods_ShoppingCart.framework in Frameworks */,
			);
			runOnlyForDeploymentPostprocessing = 0;
		};
/* End PBXFrameworksBuildPhase section */

/* Begin PBXGroup section */
		5627E685A71DD142A04005A8 /* Pods */ = {
			isa = PBXGroup;
			children = (
				0666DB5ABDDC7D797BE5A875 /* Pods-ShoppingCart.debug.xcconfig */,
				C731F656D9733328947D8D39 /* Pods-ShoppingCart.release.xcconfig */,
			);
			name = Pods;
			sourceTree = "<group>";
		};
		935D0F801C181381004203D4 = {
			isa = PBXGroup;
			children = (
				935D0F8B1C181381004203D4 /* ShoppingCart */,
				935D0F8A1C181381004203D4 /* Products */,
				5627E685A71DD142A04005A8 /* Pods */,
				B19331B95EB9D7A3D0187BC1 /* Frameworks */,
			);
			sourceTree = "<group>";
		};
		935D0F8A1C181381004203D4 /* Products */ = {
			isa = PBXGroup;
			children = (
				935D0F891C181381004203D4 /* ShoppingCart.app */,
			);
			name = Products;
			sourceTree = "<group>";
		};
		935D0F8B1C181381004203D4 /* ShoppingCart */ = {
			isa = PBXGroup;
			children = (
				935D0F8C1C181381004203D4 /* AppDelegate.swift */,
				935D0FA91C182024004203D4 /* Define */,
				935D0F9F1C181AF0004203D4 /* Model */,
				935D0FA11C181AF0004203D4 /* ViewModel */,
				935D0FA01C181AF0004203D4 /* View */,
				935D0F9E1C181AF0004203D4 /* Controller */,
				935D0FA21C181B40004203D4 /* Resource */,
				935D0F981C181381004203D4 /* Info.plist */,
			);
			path = ShoppingCart;
			sourceTree = "<group>";
		};
		935D0F9E1C181AF0004203D4 /* Controller */ = {
			isa = PBXGroup;
			children = (
				935D0FAE1C182434004203D4 /* XGGoodListViewController.swift */,
				934C45131C195D5400C9C756 /* XGShoppingCartViewController.swift */,
			);
			path = Controller;
			sourceTree = "<group>";
		};
		935D0F9F1C181AF0004203D4 /* Model */ = {
			isa = PBXGroup;
			children = (
				935D0FA71C181DB5004203D4 /* XGGoodModel.swift */,
			);
			path = Model;
			sourceTree = "<group>";
		};
		935D0FA01C181AF0004203D4 /* View */ = {
			isa = PBXGroup;
			children = (
				935D0FB01C182505004203D4 /* XGGoodListCell.swift */,
				934C45151C19705B00C9C756 /* XGOldPriceLabel.swift */,
				934C45111C194E2A00C9C756 /* XGShoppingCartCell.swift */,
			);
			path = View;
			sourceTree = "<group>";
		};
		935D0FA11C181AF0004203D4 /* ViewModel */ = {
			isa = PBXGroup;
			children = (
			);
			path = ViewModel;
			sourceTree = "<group>";
		};
		935D0FA21C181B40004203D4 /* Resource */ = {
			isa = PBXGroup;
			children = (
				935D0F901C181381004203D4 /* Main.storyboard */,
				935D0F931C181381004203D4 /* Assets.xcassets */,
				935D0F951C181381004203D4 /* LaunchScreen.storyboard */,
			);
			path = Resource;
			sourceTree = "<group>";
		};
		935D0FA91C182024004203D4 /* Define */ = {
			isa = PBXGroup;
			children = (
			);
			path = Define;
			sourceTree = "<group>";
		};
		B19331B95EB9D7A3D0187BC1 /* Frameworks */ = {
			isa = PBXGroup;
			children = (
				B61A7569828BB604B1E88034 /* Pods_ShoppingCart.framework */,
			);
			name = Frameworks;
			sourceTree = "<group>";
		};
/* End PBXGroup section */

/* Begin PBXNativeTarget section */
		935D0F881C181381004203D4 /* ShoppingCart */ = {
			isa = PBXNativeTarget;
			buildConfigurationList = 935D0F9B1C181381004203D4 /* Build configuration list for PBXNativeTarget "ShoppingCart" */;
			buildPhases = (
				CE84199F7170A1F0F872FDB0 /* Check Pods Manifest.lock */,
				935D0F851C181381004203D4 /* Sources */,
				935D0F861C181381004203D4 /* Frameworks */,
				935D0F871C181381004203D4 /* Resources */,
				82EE4121A4389A7D7690F7E6 /* Embed Pods Frameworks */,
				84CD45EE31CF6D19EF1DA9EC /* Copy Pods Resources */,
			);
			buildRules = (
			);
			dependencies = (
			);
			name = ShoppingCart;
			productName = ShoppingCart;
			productReference = 935D0F891C181381004203D4 /* ShoppingCart.app */;
			productType = "com.apple.product-type.application";
		};
/* End PBXNativeTarget section */

/* Begin PBXProject section */
		935D0F811C181381004203D4 /* Project object */ = {
			isa = PBXProject;
			attributes = {
				LastSwiftUpdateCheck = 0710;
				LastUpgradeCheck = 0710;
				ORGANIZATIONNAME = XiaoGao;
				TargetAttributes = {
					935D0F881C181381004203D4 = {
						CreatedOnToolsVersion = 7.1;
						DevelopmentTeam = VSQKBV9N64;
					};
				};
			};
			buildConfigurationList = 935D0F841C181381004203D4 /* Build configuration list for PBXProject "ShoppingCart" */;
			compatibilityVersion = "Xcode 3.2";
			developmentRegion = English;
			hasScannedForEncodings = 0;
			knownRegions = (
				en,
				Base,
			);
			mainGroup = 935D0F801C181381004203D4;
			productRefGroup = 935D0F8A1C181381004203D4 /* Products */;
			projectDirPath = "";
			projectRoot = "";
			targets = (
				935D0F881C181381004203D4 /* ShoppingCart */,
			);
		};
/* End PBXProject section */

/* Begin PBXResourcesBuildPhase section */
		935D0F871C181381004203D4 /* Resources */ = {
			isa = PBXResourcesBuildPhase;
			buildActionMask = 2147483647;
			files = (
				935D0F971C181381004203D4 /* LaunchScreen.storyboard in Resources */,
				935D0F941C181381004203D4 /* Assets.xcassets in Resources */,
				935D0F921C181381004203D4 /* Main.storyboard in Resources */,
			);
			runOnlyForDeploymentPostprocessing = 0;
		};
/* End PBXResourcesBuildPhase section */

/* Begin PBXShellScriptBuildPhase section */
		82EE4121A4389A7D7690F7E6 /* Embed Pods Frameworks */ = {
			isa = PBXShellScriptBuildPhase;
			buildActionMask = 2147483647;
			files = (
			);
			inputPaths = (
			);
			name = "Embed Pods Frameworks";
			outputPaths = (
			);
			runOnlyForDeploymentPostprocessing = 0;
			shellPath = /bin/sh;
			shellScript = "\"${SRCROOT}/Pods/Target Support Files/Pods-ShoppingCart/Pods-ShoppingCart-frameworks.sh\"\n";
			showEnvVarsInLog = 0;
		};
		84CD45EE31CF6D19EF1DA9EC /* Copy Pods Resources */ = {
			isa = PBXShellScriptBuildPhase;
			buildActionMask = 2147483647;
			files = (
			);
			inputPaths = (
			);
			name = "Copy Pods Resources";
			outputPaths = (
			);
			runOnlyForDeploymentPostprocessing = 0;
			shellPath = /bin/sh;
			shellScript = "\"${SRCROOT}/Pods/Target Support Files/Pods-ShoppingCart/Pods-ShoppingCart-resources.sh\"\n";
			showEnvVarsInLog = 0;
		};
		CE84199F7170A1F0F872FDB0 /* Check Pods Manifest.lock */ = {
			isa = PBXShellScriptBuildPhase;
			buildActionMask = 2147483647;
			files = (
			);
			inputPaths = (
			);
			name = "Check Pods Manifest.lock";
			outputPaths = (
			);
			runOnlyForDeploymentPostprocessing = 0;
			shellPath = /bin/sh;
			shellScript = "diff \"${PODS_ROOT}/../Podfile.lock\" \"${PODS_ROOT}/Manifest.lock\" > /dev/null\nif [[ $? != 0 ]] ; then\n    cat << EOM\nerror: The sandbox is not in sync with the Podfile.lock. Run 'pod install' or update your CocoaPods installation.\nEOM\n    exit 1\nfi\n";
			showEnvVarsInLog = 0;
		};
/* End PBXShellScriptBuildPhase section */

/* Begin PBXSourcesBuildPhase section */
		935D0F851C181381004203D4 /* Sources */ = {
			isa = PBXSourcesBuildPhase;
			buildActionMask = 2147483647;
			files = (
				934C45161C19705B00C9C756 /* XGOldPriceLabel.swift in Sources */,
				935D0FAF1C182434004203D4 /* XGGoodListViewController.swift in Sources */,
				934C45141C195D5400C9C756 /* XGShoppingCartViewController.swift in Sources */,
				935D0F8D1C181381004203D4 /* AppDelegate.swift in Sources */,
				934C45121C194E2A00C9C756 /* XGShoppingCartCell.swift in Sources */,
				935D0FA81C181DB5004203D4 /* XGGoodModel.swift in Sources */,
				935D0FB11C182505004203D4 /* XGGoodListCell.swift in Sources */,
			);
			runOnlyForDeploymentPostprocessing = 0;
		};
/* End PBXSourcesBuildPhase section */

/* Begin PBXVariantGroup section */
		935D0F901C181381004203D4 /* Main.storyboard */ = {
			isa = PBXVariantGroup;
			children = (
				935D0F911C181381004203D4 /* Base */,
			);
			name = Main.storyboard;
			path = ..;
			sourceTree = "<group>";
		};
		935D0F951C181381004203D4 /* LaunchScreen.storyboard */ = {
			isa = PBXVariantGroup;
			children = (
				935D0F961C181381004203D4 /* Base */,
			);
			name = LaunchScreen.storyboard;
			path = ..;
			sourceTree = "<group>";
		};
/* End PBXVariantGroup section */

/* Begin XCBuildConfiguration section */
		935D0F991C181381004203D4 /* Debug */ = {
			isa = XCBuildConfiguration;
			buildSettings = {
				ALWAYS_SEARCH_USER_PATHS = NO;
				CLANG_CXX_LANGUAGE_STANDARD = "gnu++0x";
				CLANG_CXX_LIBRARY = "libc++";
				CLANG_ENABLE_MODULES = YES;
				CLANG_ENABLE_OBJC_ARC = YES;
				CLANG_WARN_BOOL_CONVERSION = YES;
				CLANG_WARN_CONSTANT_CONVERSION = YES;
				CLANG_WARN_DIRECT_OBJC_ISA_USAGE = YES_ERROR;
				CLANG_WARN_EMPTY_BODY = YES;
				CLANG_WARN_ENUM_CONVERSION = YES;
				CLANG_WARN_INT_CONVERSION = YES;
				CLANG_WARN_OBJC_ROOT_CLASS = YES_ERROR;
				CLANG_WARN_UNREACHABLE_CODE = YES;
				CLANG_WARN__DUPLICATE_METHOD_MATCH = YES;
				"CODE_SIGN_IDENTITY[sdk=iphoneos*]" = "iPhone Developer";
				COPY_PHASE_STRIP = NO;
				DEBUG_INFORMATION_FORMAT = dwarf;
				ENABLE_STRICT_OBJC_MSGSEND = YES;
				ENABLE_TESTABILITY = YES;
				GCC_C_LANGUAGE_STANDARD = gnu99;
				GCC_DYNAMIC_NO_PIC = NO;
				GCC_NO_COMMON_BLOCKS = YES;
				GCC_OPTIMIZATION_LEVEL = 0;
				GCC_PREPROCESSOR_DEFINITIONS = (
					"DEBUG=1",
					"$(inherited)",
				);
				GCC_WARN_64_TO_32_BIT_CONVERSION = YES;
				GCC_WARN_ABOUT_RETURN_TYPE = YES_ERROR;
				GCC_WARN_UNDECLARED_SELECTOR = YES;
				GCC_WARN_UNINITIALIZED_AUTOS = YES_AGGRESSIVE;
				GCC_WARN_UNUSED_FUNCTION = YES;
				GCC_WARN_UNUSED_VARIABLE = YES;
				IPHONEOS_DEPLOYMENT_TARGET = 9.1;
				MTL_ENABLE_DEBUG_INFO = YES;
				ONLY_ACTIVE_ARCH = YES;
				SDKROOT = iphoneos;
				SWIFT_OPTIMIZATION_LEVEL = "-Onone";
			};
			name = Debug;
		};
		935D0F9A1C181381004203D4 /* Release */ = {
			isa = XCBuildConfiguration;
			buildSettings = {
				ALWAYS_SEARCH_USER_PATHS = NO;
				CLANG_CXX_LANGUAGE_STANDARD = "gnu++0x";
				CLANG_CXX_LIBRARY = "libc++";
				CLANG_ENABLE_MODULES = YES;
				CLANG_ENABLE_OBJC_ARC = YES;
				CLANG_WARN_BOOL_CONVERSION = YES;
				CLANG_WARN_CONSTANT_CONVERSION = YES;
				CLANG_WARN_DIRECT_OBJC_ISA_USAGE = YES_ERROR;
				CLANG_WARN_EMPTY_BODY = YES;
				CLANG_WARN_ENUM_CONVERSION = YES;
				CLANG_WARN_INT_CONVERSION = YES;
				CLANG_WARN_OBJC_ROOT_CLASS = YES_ERROR;
				CLANG_WARN_UNREACHABLE_CODE = YES;
				CLANG_WARN__DUPLICATE_METHOD_MATCH = YES;
				"CODE_SIGN_IDENTITY[sdk=iphoneos*]" = "iPhone Developer";
				COPY_PHASE_STRIP = NO;
				DEBUG_INFORMATION_FORMAT = "dwarf-with-dsym";
				ENABLE_NS_ASSERTIONS = NO;
				ENABLE_STRICT_OBJC_MSGSEND = YES;
				GCC_C_LANGUAGE_STANDARD = gnu99;
				GCC_NO_COMMON_BLOCKS = YES;
				GCC_WARN_64_TO_32_BIT_CONVERSION = YES;
				GCC_WARN_ABOUT_RETURN_TYPE = YES_ERROR;
				GCC_WARN_UNDECLARED_SELECTOR = YES;
				GCC_WARN_UNINITIALIZED_AUTOS = YES_AGGRESSIVE;
				GCC_WARN_UNUSED_FUNCTION = YES;
				GCC_WARN_UNUSED_VARIABLE = YES;
				IPHONEOS_DEPLOYMENT_TARGET = 9.1;
				MTL_ENABLE_DEBUG_INFO = NO;
				SDKROOT = iphoneos;
				VALIDATE_PRODUCT = YES;
			};
			name = Release;
		};
		935D0F9C1C181381004203D4 /* Debug */ = {
			isa = XCBuildConfiguration;
			baseConfigurationReference = 0666DB5ABDDC7D797BE5A875 /* Pods-ShoppingCart.debug.xcconfig */;
			buildSettings = {
				ASSETCATALOG_COMPILER_APPICON_NAME = AppIcon;
				GCC_PREFIX_HEADER = ShoppingCart/Resource/PrefixHeader.pch;
				INFOPLIST_FILE = ShoppingCart/Info.plist;
				LD_RUNPATH_SEARCH_PATHS = "$(inherited) @executable_path/Frameworks";
				PRODUCT_BUNDLE_IDENTIFIER = com.xiaogao.ShoppingCart;
				PRODUCT_NAME = "$(TARGET_NAME)";
			};
			name = Debug;
		};
		935D0F9D1C181381004203D4 /* Release */ = {
			isa = XCBuildConfiguration;
			baseConfigurationReference = C731F656D9733328947D8D39 /* Pods-ShoppingCart.release.xcconfig */;
			buildSettings = {
				ASSETCATALOG_COMPILER_APPICON_NAME = AppIcon;
				GCC_PREFIX_HEADER = ShoppingCart/Resource/PrefixHeader.pch;
				INFOPLIST_FILE = ShoppingCart/Info.plist;
				LD_RUNPATH_SEARCH_PATHS = "$(inherited) @executable_path/Frameworks";
				PRODUCT_BUNDLE_IDENTIFIER = com.xiaogao.ShoppingCart;
				PRODUCT_NAME = "$(TARGET_NAME)";
			};
			name = Release;
		};
/* End XCBuildConfiguration section */

/* Begin XCConfigurationList section */
		935D0F841C181381004203D4 /* Build configuration list for PBXProject "ShoppingCart" */ = {
			isa = XCConfigurationList;
			buildConfigurations = (
				935D0F991C181381004203D4 /* Debug */,
				935D0F9A1C181381004203D4 /* Release */,
			);
			defaultConfigurationIsVisible = 0;
			defaultConfigurationName = Release;
		};
		935D0F9B1C181381004203D4 /* Build configuration list for PBXNativeTarget "ShoppingCart" */ = {
			isa = XCConfigurationList;
			buildConfigurations = (
				935D0F9C1C181381004203D4 /* Debug */,
				935D0F9D1C181381004203D4 /* Release */,
			);
			defaultConfigurationIsVisible = 0;
			defaultConfigurationName = Release;
		};
/* End XCConfigurationList section */
	};
	rootObject = 935D0F811C181381004203D4 /* Project object */;
}
